// !$*UTF8*$!
{
	archiveVersion = 1;
	classes = {
	};
	objectVersion = 48;
	objects = {

/* Begin PBXBuildFile section */
		5357E0E82053F9D000337C9F /* SSLConnection.m in Sources */ = {isa = PBXBuildFile; fileRef = 5357E0E72053F9D000337C9F /* SSLConnection.m */; };
		5370DD3A204FE75400B3D964 /* AppDelegate.m in Sources */ = {isa = PBXBuildFile; fileRef = 5370DD39204FE75400B3D964 /* AppDelegate.m */; };
		5370DD3D204FE75400B3D964 /* ViewController.m in Sources */ = {isa = PBXBuildFile; fileRef = 5370DD3C204FE75400B3D964 /* ViewController.m */; };
		5370DD40204FE75400B3D964 /* Main.storyboard in Resources */ = {isa = PBXBuildFile; fileRef = 5370DD3E204FE75400B3D964 /* Main.storyboard */; };
		5370DD42204FE75400B3D964 /* Assets.xcassets in Resources */ = {isa = PBXBuildFile; fileRef = 5370DD41204FE75400B3D964 /* Assets.xcassets */; };
		5370DD45204FE75400B3D964 /* LaunchScreen.storyboard in Resources */ = {isa = PBXBuildFile; fileRef = 5370DD43204FE75400B3D964 /* LaunchScreen.storyboard */; };
		5370DD48204FE75400B3D964 /* main.m in Sources */ = {isa = PBXBuildFile; fileRef = 5370DD47204FE75400B3D964 /* main.m */; };
		5370DD592051185F00B3D964 /* SSLStream.m in Sources */ = {isa = PBXBuildFile; fileRef = 5370DD582051185F00B3D964 /* SSLStream.m */; };
		5370DD9A2052615800B3D964 /* SSLSocketTest.m in Sources */ = {isa = PBXBuildFile; fileRef = 5370DD992052615800B3D964 /* SSLSocketTest.m */; };
/* End PBXBuildFile section */

/* Begin PBXFileReference section */
		5357E0E62053F9D000337C9F /* SSLConnection.h */ = {isa = PBXFileReference; lastKnownFileType = sourcecode.c.h; name = SSLConnection.h; path = ssl/SSLConnection.h; sourceTree = "<group>"; };
		5357E0E72053F9D000337C9F /* SSLConnection.m */ = {isa = PBXFileReference; lastKnownFileType = sourcecode.c.objc; name = SSLConnection.m; path = ssl/SSLConnection.m; sourceTree = "<group>"; };
		5370DD35204FE75400B3D964 /* ssl-ios.app */ = {isa = PBXFileReference; explicitFileType = wrapper.application; includeInIndex = 0; path = "ssl-ios.app"; sourceTree = BUILT_PRODUCTS_DIR; };
		5370DD38204FE75400B3D964 /* AppDelegate.h */ = {isa = PBXFileReference; lastKnownFileType = sourcecode.c.h; path = AppDelegate.h; sourceTree = "<group>"; };
		5370DD39204FE75400B3D964 /* AppDelegate.m */ = {isa = PBXFileReference; lastKnownFileType = sourcecode.c.objc; path = AppDelegate.m; sourceTree = "<group>"; };
		5370DD3B204FE75400B3D964 /* ViewController.h */ = {isa = PBXFileReference; lastKnownFileType = sourcecode.c.h; path = ViewController.h; sourceTree = "<group>"; };
		5370DD3C204FE75400B3D964 /* ViewController.m */ = {isa = PBXFileReference; explicitFileType = sourcecode.cpp.objcpp; path = ViewController.m; sourceTree = "<group>"; };
		5370DD3F204FE75400B3D964 /* Base */ = {isa = PBXFileReference; lastKnownFileType = file.storyboard; name = Base; path = Base.lproj/Main.storyboard; sourceTree = "<group>"; };
		5370DD41204FE75400B3D964 /* Assets.xcassets */ = {isa = PBXFileReference; lastKnownFileType = folder.assetcatalog; path = Assets.xcassets; sourceTree = "<group>"; };
		5370DD44204FE75400B3D964 /* Base */ = {isa = PBXFileReference; lastKnownFileType = file.storyboard; name = Base; path = Base.lproj/LaunchScreen.storyboard; sourceTree = "<group>"; };
		5370DD46204FE75400B3D964 /* Info.plist */ = {isa = PBXFileReference; lastKnownFileType = text.plist.xml; path = Info.plist; sourceTree = "<group>"; };
		5370DD47204FE75400B3D964 /* main.m */ = {isa = PBXFileReference; lastKnownFileType = sourcecode.c.objc; path = main.m; sourceTree = "<group>"; };
		5370DD572051185F00B3D964 /* SSLStream.h */ = {isa = PBXFileReference; lastKnownFileType = sourcecode.c.h; name = SSLStream.h; path = ssl/SSLStream.h; sourceTree = "<group>"; };
		5370DD582051185F00B3D964 /* SSLStream.m */ = {isa = PBXFileReference; lastKnownFileType = sourcecode.c.objc; name = SSLStream.m; path = ssl/SSLStream.m; sourceTree = "<group>"; };
		5370DD982052615800B3D964 /* SSLSocketTest.h */ = {isa = PBXFileReference; lastKnownFileType = sourcecode.c.h; path = SSLSocketTest.h; sourceTree = "<group>"; };
		5370DD992052615800B3D964 /* SSLSocketTest.m */ = {isa = PBXFileReference; lastKnownFileType = sourcecode.c.objc; path = SSLSocketTest.m; sourceTree = "<group>"; };
/* End PBXFileReference section */

/* Begin PBXFrameworksBuildPhase section */
		5370DD32204FE75400B3D964 /* Frameworks */ = {
			isa = PBXFrameworksBuildPhase;
			buildActionMask = 2147483647;
			files = (
			);
			runOnlyForDeploymentPostprocessing = 0;
		};
/* End PBXFrameworksBuildPhase section */

/* Begin PBXGroup section */
		5370DD2C204FE75400B3D964 = {
			isa = PBXGroup;
			children = (
				5370DD37204FE75400B3D964 /* ssl-ios */,
				5370DD36204FE75400B3D964 /* Products */,
			);
			sourceTree = "<group>";
		};
		5370DD36204FE75400B3D964 /* Products */ = {
			isa = PBXGroup;
			children = (
				5370DD35204FE75400B3D964 /* ssl-ios.app */,
			);
			name = Products;
			sourceTree = "<group>";
		};
		5370DD37204FE75400B3D964 /* ssl-ios */ = {
			isa = PBXGroup;
			children = (
				5370DD972052612200B3D964 /* demo */,
				5370DD53205002E000B3D964 /* ssl */,
				5370DD38204FE75400B3D964 /* AppDelegate.h */,
				5370DD39204FE75400B3D964 /* AppDelegate.m */,
				5370DD3B204FE75400B3D964 /* ViewController.h */,
				5370DD3C204FE75400B3D964 /* ViewController.m */,
				5370DD3E204FE75400B3D964 /* Main.storyboard */,
				5370DD41204FE75400B3D964 /* Assets.xcassets */,
				5370DD43204FE75400B3D964 /* LaunchScreen.storyboard */,
				5370DD46204FE75400B3D964 /* Info.plist */,
				5370DD47204FE75400B3D964 /* main.m */,
			);
			path = "ssl-ios";
			sourceTree = "<group>";
		};
		5370DD53205002E000B3D964 /* ssl */ = {
			isa = PBXGroup;
			children = (
				5370DD572051185F00B3D964 /* SSLStream.h */,
				5370DD582051185F00B3D964 /* SSLStream.m */,
				5357E0E62053F9D000337C9F /* SSLConnection.h */,
				5357E0E72053F9D000337C9F /* SSLConnection.m */,
			);
			name = ssl;
			sourceTree = "<group>";
		};
		5370DD972052612200B3D964 /* demo */ = {
			isa = PBXGroup;
			children = (
				5370DD982052615800B3D964 /* SSLSocketTest.h */,
				5370DD992052615800B3D964 /* SSLSocketTest.m */,
			);
			path = demo;
			sourceTree = "<group>";
		};
/* End PBXGroup section */

/* Begin PBXNativeTarget section */
		5370DD34204FE75400B3D964 /* ssl-ios */ = {
			isa = PBXNativeTarget;
			buildConfigurationList = 5370DD4B204FE75400B3D964 /* Build configuration list for PBXNativeTarget "ssl-ios" */;
			buildPhases = (
				5370DD31204FE75400B3D964 /* Sources */,
				5370DD32204FE75400B3D964 /* Frameworks */,
				5370DD33204FE75400B3D964 /* Resources */,
			);
			buildRules = (
			);
			dependencies = (
			);
			name = "ssl-ios";
			productName = "ssl-ios";
			productReference = 5370DD35204FE75400B3D964 /* ssl-ios.app */;
			productType = "com.apple.product-type.application";
		};
/* End PBXNativeTarget section */

/* Begin PBXProject section */
		5370DD2D204FE75400B3D964 /* Project object */ = {
			isa = PBXProject;
			attributes = {
				LastUpgradeCheck = 0920;
				ORGANIZATIONNAME = misora;
				TargetAttributes = {
					5370DD34204FE75400B3D964 = {
						CreatedOnToolsVersion = 9.2;
						ProvisioningStyle = Automatic;
					};
				};
			};
			buildConfigurationList = 5370DD30204FE75400B3D964 /* Build configuration list for PBXProject "ssl-ios" */;
			compatibilityVersion = "Xcode 8.0";
			developmentRegion = en;
			hasScannedForEncodings = 0;
			knownRegions = (
				en,
				Base,
			);
			mainGroup = 5370DD2C204FE75400B3D964;
			productRefGroup = 5370DD36204FE75400B3D964 /* Products */;
			projectDirPath = "";
			projectRoot = "";
			targets = (
				5370DD34204FE75400B3D964 /* ssl-ios */,
			);
		};
/* End PBXProject section */

/* Begin PBXResourcesBuildPhase section */
		5370DD33204FE75400B3D964 /* Resources */ = {
			isa = PBXResourcesBuildPhase;
			buildActionMask = 2147483647;
			files = (
				5370DD45204FE75400B3D964 /* LaunchScreen.storyboard in Resources */,
				5370DD42204FE75400B3D964 /* Assets.xcassets in Resources */,
				5370DD40204FE75400B3D964 /* Main.storyboard in Resources */,
			);
			runOnlyForDeploymentPostprocessing = 0;
		};
/* End PBXResourcesBuildPhase section */

/* Begin PBXSourcesBuildPhase section */
		5370DD31204FE75400B3D964 /* Sources */ = {
			isa = PBXSourcesBuildPhase;
			buildActionMask = 2147483647;
			files = (
				5357E0E82053F9D000337C9F /* SSLConnection.m in Sources */,
				5370DD9A2052615800B3D964 /* SSLSocketTest.m in Sources */,
				5370DD3D204FE75400B3D964 /* ViewController.m in Sources */,
				5370DD592051185F00B3D964 /* SSLStream.m in Sources */,
				5370DD48204FE75400B3D964 /* main.m in Sources */,
				5370DD3A204FE75400B3D964 /* AppDelegate.m in Sources */,
			);
			runOnlyForDeploymentPostprocessing = 0;
		};
/* End PBXSourcesBuildPhase section */

/* Begin PBXVariantGroup section */
		5370DD3E204FE75400B3D964 /* Main.storyboard */ = {
			isa = PBXVariantGroup;
			children = (
				5370DD3F204FE75400B3D964 /* Base */,
			);
			name = Main.storyboard;
			sourceTree = "<group>";
		};
		5370DD43204FE75400B3D964 /* LaunchScreen.storyboard */ = {
			isa = PBXVariantGroup;
			children = (
				5370DD44204FE75400B3D964 /* Base */,
			);
			name = LaunchScreen.storyboard;
			sourceTree = "<group>";
		};
/* End PBXVariantGroup section */

/* Begin XCBuildConfiguration section */
		5370DD49204FE75400B3D964 /* Debug */ = {
			isa = XCBuildConfiguration;
			buildSettings = {
				ALWAYS_SEARCH_USER_PATHS = NO;
				CLANG_ANALYZER_NONNULL = YES;
				CLANG_ANALYZER_NUMBER_OBJECT_CONVERSION = YES_AGGRESSIVE;
				CLANG_CXX_LANGUAGE_STANDARD = "gnu++14";
				CLANG_CXX_LIBRARY = "libc++";
				CLANG_ENABLE_MODULES = YES;
				CLANG_ENABLE_OBJC_ARC = YES;
				CLANG_WARN_BLOCK_CAPTURE_AUTORELEASING = YES;
				CLANG_WARN_BOOL_CONVERSION = YES;
				CLANG_WARN_COMMA = YES;
				CLANG_WARN_CONSTANT_CONVERSION = YES;
				CLANG_WARN_DIRECT_OBJC_ISA_USAGE = YES_ERROR;
				CLANG_WARN_DOCUMENTATION_COMMENTS = YES;
				CLANG_WARN_EMPTY_BODY = YES;
				CLANG_WARN_ENUM_CONVERSION = YES;
				CLANG_WARN_INFINITE_RECURSION = YES;
				CLANG_WARN_INT_CONVERSION = YES;
				CLANG_WARN_NON_LITERAL_NULL_CONVERSION = YES;
				CLANG_WARN_OBJC_LITERAL_CONVERSION = YES;
				CLANG_WARN_OBJC_ROOT_CLASS = YES_ERROR;
				CLANG_WARN_RANGE_LOOP_ANALYSIS = YES;
				CLANG_WARN_STRICT_PROTOTYPES = YES;
				CLANG_WARN_SUSPICIOUS_MOVE = YES;
				CLANG_WARN_UNGUARDED_AVAILABILITY = YES_AGGRESSIVE;
				CLANG_WARN_UNREACHABLE_CODE = YES;
				CLANG_WARN__DUPLICATE_METHOD_MATCH = YES;
				CODE_SIGN_IDENTITY = "iPhone Developer";
				COPY_PHASE_STRIP = NO;
				DEBUG_INFORMATION_FORMAT = dwarf;
				ENABLE_STRICT_OBJC_MSGSEND = YES;
				ENABLE_TESTABILITY = YES;
				GCC_C_LANGUAGE_STANDARD = gnu11;
				GCC_DYNAMIC_NO_PIC = NO;
				GCC_NO_COMMON_BLOCKS = YES;
				GCC_OPTIMIZATION_LEVEL = 0;
				GCC_PREPROCESSOR_DEFINITIONS = (
					"DEBUG=1",
					"$(inherited)",
				);
				GCC_WARN_64_TO_32_BIT_CONVERSION = YES;
				GCC_WARN_ABOUT_RETURN_TYPE = YES_ERROR;
				GCC_WARN_UNDECLARED_SELECTOR = YES;
				GCC_WARN_UNINITIALIZED_AUTOS = YES_AGGRESSIVE;
				GCC_WARN_UNUSED_FUNCTION = YES;
				GCC_WARN_UNUSED_VARIABLE = YES;
				IPHONEOS_DEPLOYMENT_TARGET = 11.2;
				MTL_ENABLE_DEBUG_INFO = YES;
				ONLY_ACTIVE_ARCH = YES;
				SDKROOT = iphoneos;
			};
			name = Debug;
		};
		5370DD4A204FE75400B3D964 /* Release */ = {
			isa = XCBuildConfiguration;
			buildSettings = {
				ALWAYS_SEARCH_USER_PATHS = NO;
				CLANG_ANALYZER_NONNULL = YES;
				CLANG_ANALYZER_NUMBER_OBJECT_CONVERSION = YES_AGGRESSIVE;
				CLANG_CXX_LANGUAGE_STANDARD = "gnu++14";
				CLANG_CXX_LIBRARY = "libc++";
				CLANG_ENABLE_MODULES = YES;
				CLANG_ENABLE_OBJC_ARC = YES;
				CLANG_WARN_BLOCK_CAPTURE_AUTORELEASING = YES;
				CLANG_WARN_BOOL_CONVERSION = YES;
				CLANG_WARN_COMMA = YES;
				CLANG_WARN_CONSTANT_CONVERSION = YES;
				CLANG_WARN_DIRECT_OBJC_ISA_USAGE = YES_ERROR;
				CLANG_WARN_DOCUMENTATION_COMMENTS = YES;
				CLANG_WARN_EMPTY_BODY = YES;
				CLANG_WARN_ENUM_CONVERSION = YES;
				CLANG_WARN_INFINITE_RECURSION = YES;
				CLANG_WARN_INT_CONVERSION = YES;
				CLANG_WARN_NON_LITERAL_NULL_CONVERSION = YES;
				CLANG_WARN_OBJC_LITERAL_CONVERSION = YES;
				CLANG_WARN_OBJC_ROOT_CLASS = YES_ERROR;
				CLANG_WARN_RANGE_LOOP_ANALYSIS = YES;
				CLANG_WARN_STRICT_PROTOTYPES = YES;
				CLANG_WARN_SUSPICIOUS_MOVE = YES;
				CLANG_WARN_UNGUARDED_AVAILABILITY = YES_AGGRESSIVE;
				CLANG_WARN_UNREACHABLE_CODE = YES;
				CLANG_WARN__DUPLICATE_METHOD_MATCH = YES;
				CODE_SIGN_IDENTITY = "iPhone Developer";
				COPY_PHASE_STRIP = NO;
				DEBUG_INFORMATION_FORMAT = "dwarf-with-dsym";
				ENABLE_NS_ASSERTIONS = NO;
				ENABLE_STRICT_OBJC_MSGSEND = YES;
				GCC_C_LANGUAGE_STANDARD = gnu11;
				GCC_NO_COMMON_BLOCKS = YES;
				GCC_WARN_64_TO_32_BIT_CONVERSION = YES;
				GCC_WARN_ABOUT_RETURN_TYPE = YES_ERROR;
				GCC_WARN_UNDECLARED_SELECTOR = YES;
				GCC_WARN_UNINITIALIZED_AUTOS = YES_AGGRESSIVE;
				GCC_WARN_UNUSED_FUNCTION = YES;
				GCC_WARN_UNUSED_VARIABLE = YES;
				IPHONEOS_DEPLOYMENT_TARGET = 11.2;
				MTL_ENABLE_DEBUG_INFO = NO;
				SDKROOT = iphoneos;
				VALIDATE_PRODUCT = YES;
			};
			name = Release;
		};
		5370DD4C204FE75400B3D964 /* Debug */ = {
			isa = XCBuildConfiguration;
			buildSettings = {
				ASSETCATALOG_COMPILER_APPICON_NAME = AppIcon;
				CODE_SIGN_STYLE = Automatic;
				DEVELOPMENT_TEAM = A58RKZ5M79;
				INFOPLIST_FILE = "ssl-ios/Info.plist";
				IPHONEOS_DEPLOYMENT_TARGET = 10.0;
				LD_RUNPATH_SEARCH_PATHS = "$(inherited) @executable_path/Frameworks";
				PRODUCT_BUNDLE_IDENTIFIER = "cn.misora.ssl-ios";
				PRODUCT_NAME = "$(TARGET_NAME)";
				TARGETED_DEVICE_FAMILY = "1,2";
			};
			name = Debug;
		};
		5370DD4D204FE75400B3D964 /* Release */ = {
			isa = XCBuildConfiguration;
			buildSettings = {
				ASSETCATALOG_COMPILER_APPICON_NAME = AppIcon;
				CODE_SIGN_STYLE = Automatic;
				DEVELOPMENT_TEAM = A58RKZ5M79;
				INFOPLIST_FILE = "ssl-ios/Info.plist";
				IPHONEOS_DEPLOYMENT_TARGET = 10.0;
				LD_RUNPATH_SEARCH_PATHS = "$(inherited) @executable_path/Frameworks";
				PRODUCT_BUNDLE_IDENTIFIER = "cn.misora.ssl-ios";
				PRODUCT_NAME = "$(TARGET_NAME)";
				TARGETED_DEVICE_FAMILY = "1,2";
			};
			name = Release;
		};
/* End XCBuildConfiguration section */

/* Begin XCConfigurationList section */
		5370DD30204FE75400B3D964 /* Build configuration list for PBXProject "ssl-ios" */ = {
			isa = XCConfigurationList;
			buildConfigurations = (
				5370DD49204FE75400B3D964 /* Debug */,
				5370DD4A204FE75400B3D964 /* Release */,
			);
			defaultConfigurationIsVisible = 0;
			defaultConfigurationName = Release;
		};
		5370DD4B204FE75400B3D964 /* Build configuration list for PBXNativeTarget "ssl-ios" */ = {
			isa = XCConfigurationList;
			buildConfigurations = (
				5370DD4C204FE75400B3D964 /* Debug */,
				5370DD4D204FE75400B3D964 /* Release */,
			);
			defaultConfigurationIsVisible = 0;
			defaultConfigurationName = Release;
		};
/* End XCConfigurationList section */
	};
	rootObject = 5370DD2D204FE75400B3D964 /* Project object */;
}
